// !$*UTF8*$!
{
	archiveVersion = 1;
	classes = {
	};
	objectVersion = 46;
	objects = {

/* Begin PBXBuildFile section */
		2FA168F31D8B956D009BF609 /* AppDelegate.swift in Sources */ = {isa = PBXBuildFile; fileRef = 2FA168F21D8B956D009BF609 /* AppDelegate.swift */; };
		2FA168F51D8B956D009BF609 /* ViewController.swift in Sources */ = {isa = PBXBuildFile; fileRef = 2FA168F41D8B956D009BF609 /* ViewController.swift */; };
		2FA168F81D8B956D009BF609 /* Main.storyboard in Resources */ = {isa = PBXBuildFile; fileRef = 2FA168F61D8B956D009BF609 /* Main.storyboard */; };
		2FA168FA1D8B956D009BF609 /* Assets.xcassets in Resources */ = {isa = PBXBuildFile; fileRef = 2FA168F91D8B956D009BF609 /* Assets.xcassets */; };
		2FA168FD1D8B956D009BF609 /* LaunchScreen.storyboard in Resources */ = {isa = PBXBuildFile; fileRef = 2FA168FB1D8B956D009BF609 /* LaunchScreen.storyboard */; };
/* End PBXBuildFile section */

/* Begin PBXFileReference section */
		2FA168EF1D8B956D009BF609 /* Cadet.app */ = {isa = PBXFileReference; explicitFileType = wrapper.application; includeInIndex = 0; path = Cadet.app; sourceTree = BUILT_PRODUCTS_DIR; };
		2FA168F21D8B956D009BF609 /* AppDelegate.swift */ = {isa = PBXFileReference; lastKnownFileType = sourcecode.swift; path = AppDelegate.swift; sourceTree = "<group>"; };
		2FA168F41D8B956D009BF609 /* ViewController.swift */ = {isa = PBXFileReference; lastKnownFileType = sourcecode.swift; path = ViewController.swift; sourceTree = "<group>"; };
		2FA168F71D8B956D009BF609 /* Base */ = {isa = PBXFileReference; lastKnownFileType = file.storyboard; name = Base; path = Base.lproj/Main.storyboard; sourceTree = "<group>"; };
		2FA168F91D8B956D009BF609 /* Assets.xcassets */ = {isa = PBXFileReference; lastKnownFileType = folder.assetcatalog; path = Assets.xcassets; sourceTree = "<group>"; };
		2FA168FC1D8B956D009BF609 /* Base */ = {isa = PBXFileReference; lastKnownFileType = file.storyboard; name = Base; path = Base.lproj/LaunchScreen.storyboard; sourceTree = "<group>"; };
		2FA168FE1D8B956D009BF609 /* Info.plist */ = {isa = PBXFileReference; lastKnownFileType = text.plist.xml; path = Info.plist; sourceTree = "<group>"; };
		2FA1690A1D8B95E6009BF609 /* Debug.xcconfig */ = {isa = PBXFileReference; lastKnownFileType = text.xcconfig; name = Debug.xcconfig; path = ../Debug.xcconfig; sourceTree = "<group>"; };
/* End PBXFileReference section */

/* Begin PBXFrameworksBuildPhase section */
		2FA168EC1D8B956D009BF609 /* Frameworks */ = {
			isa = PBXFrameworksBuildPhase;
			buildActionMask = 2147483647;
			files = (
			);
			runOnlyForDeploymentPostprocessing = 0;
		};
/* End PBXFrameworksBuildPhase section */

/* Begin PBXGroup section */
		2FA168E61D8B956D009BF609 = {
			isa = PBXGroup;
			children = (
				2FA168F11D8B956D009BF609 /* Cadet */,
				2FA168F01D8B956D009BF609 /* Products */,
			);
			sourceTree = "<group>";
		};
		2FA168F01D8B956D009BF609 /* Products */ = {
			isa = PBXGroup;
			children = (
				2FA168EF1D8B956D009BF609 /* Cadet.app */,
			);
			name = Products;
			sourceTree = "<group>";
		};
		2FA168F11D8B956D009BF609 /* Cadet */ = {
			isa = PBXGroup;
			children = (
				2FA168F21D8B956D009BF609 /* AppDelegate.swift */,
				2FA168F41D8B956D009BF609 /* ViewController.swift */,
				2FA168F61D8B956D009BF609 /* Main.storyboard */,
				2FA168F91D8B956D009BF609 /* Assets.xcassets */,
				2FA168FB1D8B956D009BF609 /* LaunchScreen.storyboard */,
				2FA168FE1D8B956D009BF609 /* Info.plist */,
				2FA1690A1D8B95E6009BF609 /* Debug.xcconfig */,
			);
			path = Cadet;
			sourceTree = "<group>";
		};
/* End PBXGroup section */

/* Begin PBXNativeTarget section */
		2FA168EE1D8B956D009BF609 /* Cadet */ = {
			isa = PBXNativeTarget;
			buildConfigurationList = 2FA169011D8B956D009BF609 /* Build configuration list for PBXNativeTarget "Cadet" */;
			buildPhases = (
				2FA168EB1D8B956D009BF609 /* Sources */,
				2FA168EC1D8B956D009BF609 /* Frameworks */,
				2FA168ED1D8B956D009BF609 /* Resources */,
			);
			buildRules = (
			);
			dependencies = (
			);
			name = Cadet;
			productName = Cadet;
			productReference = 2FA168EF1D8B956D009BF609 /* Cadet.app */;
			productType = "com.apple.product-type.application";
		};
/* End PBXNativeTarget section */

/* Begin PBXProject section */
		2FA168E71D8B956D009BF609 /* Project object */ = {
			isa = PBXProject;
			attributes = {
				LastSwiftUpdateCheck = 0800;
				LastUpgradeCheck = 0800;
				ORGANIZATIONNAME = "Derrick  Ho";
				TargetAttributes = {
					2FA168EE1D8B956D009BF609 = {
						CreatedOnToolsVersion = 8.0;
						DevelopmentTeam = SX585CK9M9;
						ProvisioningStyle = Automatic;
					};
				};
			};
			buildConfigurationList = 2FA168EA1D8B956D009BF609 /* Build configuration list for PBXProject "Cadet" */;
			compatibilityVersion = "Xcode 3.2";
			developmentRegion = English;
			hasScannedForEncodings = 0;
			knownRegions = (
				en,
				Base,
			);
			mainGroup = 2FA168E61D8B956D009BF609;
			productRefGroup = 2FA168F01D8B956D009BF609 /* Products */;
			projectDirPath = "";
			projectRoot = "";
			targets = (
				2FA168EE1D8B956D009BF609 /* Cadet */,
			);
		};
/* End PBXProject section */

/* Begin PBXResourcesBuildPhase section */
		2FA168ED1D8B956D009BF609 /* Resources */ = {
			isa = PBXResourcesBuildPhase;
			buildActionMask = 2147483647;
			files = (
				2FA168FD1D8B956D009BF609 /* LaunchScreen.storyboard in Resources */,
				2FA168FA1D8B956D009BF609 /* Assets.xcassets in Resources */,
				2FA168F81D8B956D009BF609 /* Main.storyboard in Resources */,
			);
			runOnlyForDeploymentPostprocessing = 0;
		};
/* End PBXResourcesBuildPhase section */

/* Begin PBXSourcesBuildPhase section */
		2FA168EB1D8B956D009BF609 /* Sources */ = {
			isa = PBXSourcesBuildPhase;
			buildActionMask = 2147483647;
			files = (
				2FA168F51D8B956D009BF609 /* ViewController.swift in Sources */,
				2FA168F31D8B956D009BF609 /* AppDelegate.swift in Sources */,
			);
			runOnlyForDeploymentPostprocessing = 0;
		};
/* End PBXSourcesBuildPhase section */

/* Begin PBXVariantGroup section */
		2FA168F61D8B956D009BF609 /* Main.storyboard */ = {
			isa = PBXVariantGroup;
			children = (
				2FA168F71D8B956D009BF609 /* Base */,
			);
			name = Main.storyboard;
			sourceTree = "<group>";
		};
		2FA168FB1D8B956D009BF609 /* LaunchScreen.storyboard */ = {
			isa = PBXVariantGroup;
			children = (
				2FA168FC1D8B956D009BF609 /* Base */,
			);
			name = LaunchScreen.storyboard;
			sourceTree = "<group>";
		};
/* End PBXVariantGroup section */

/* Begin XCBuildConfiguration section */
		2FA168FF1D8B956D009BF609 /* Debug */ = {
			isa = XCBuildConfiguration;
			baseConfigurationReference = 2FA1690A1D8B95E6009BF609 /* Debug.xcconfig */;
			buildSettings = {
				ALWAYS_SEARCH_USER_PATHS = NO;
				CLANG_ANALYZER_NONNULL = YES;
				CLANG_CXX_LANGUAGE_STANDARD = "gnu++0x";
				CLANG_CXX_LIBRARY = "libc++";
				CLANG_ENABLE_MODULES = YES;
				CLANG_ENABLE_OBJC_ARC = YES;
				CLANG_WARN_BOOL_CONVERSION = YES;
				CLANG_WARN_CONSTANT_CONVERSION = YES;
				CLANG_WARN_DIRECT_OBJC_ISA_USAGE = YES_ERROR;
				CLANG_WARN_DOCUMENTATION_COMMENTS = YES;
				CLANG_WARN_EMPTY_BODY = YES;
				CLANG_WARN_ENUM_CONVERSION = YES;
				CLANG_WARN_INFINITE_RECURSION = YES;
				CLANG_WARN_INT_CONVERSION = YES;
				CLANG_WARN_OBJC_ROOT_CLASS = YES_ERROR;
				CLANG_WARN_SUSPICIOUS_MOVES = YES;
				CLANG_WARN_UNREACHABLE_CODE = YES;
				CLANG_WARN__DUPLICATE_METHOD_MATCH = YES;
				"CODE_SIGN_IDENTITY[sdk=iphoneos*]" = "iPhone Developer";
				COPY_PHASE_STRIP = NO;
				DEBUG_INFORMATION_FORMAT = dwarf;
				ENABLE_STRICT_OBJC_MSGSEND = YES;
				ENABLE_TESTABILITY = YES;
				GCC_C_LANGUAGE_STANDARD = gnu99;
				GCC_DYNAMIC_NO_PIC = NO;
				GCC_NO_COMMON_BLOCKS = YES;
				GCC_OPTIMIZATION_LEVEL = 0;
				GCC_PREPROCESSOR_DEFINITIONS = (
					"$(ABC_OBJC)",
					"DEBUG=1",
					"$(inherited)",
				);
				GCC_WARN_64_TO_32_BIT_CONVERSION = YES;
				GCC_WARN_ABOUT_RETURN_TYPE = YES_ERROR;
				GCC_WARN_UNDECLARED_SELECTOR = YES;
				GCC_WARN_UNINITIALIZED_AUTOS = YES_AGGRESSIVE;
				GCC_WARN_UNUSED_FUNCTION = YES;
				GCC_WARN_UNUSED_VARIABLE = YES;
				IPHONEOS_DEPLOYMENT_TARGET = 10.0;
				MTL_ENABLE_DEBUG_INFO = YES;
				ONLY_ACTIVE_ARCH = YES;
				SDKROOT = iphoneos;
				SWIFT_ACTIVE_COMPILATION_CONDITIONS = "$(ABC_SWIFT) DEBUG";
				SWIFT_OPTIMIZATION_LEVEL = "-Onone";
			};
			name = Debug;
		};
		2FA169001D8B956D009BF609 /* Release */ = {
			isa = XCBuildConfiguration;
			buildSettings = {
				ALWAYS_SEARCH_USER_PATHS = NO;
				CLANG_ANALYZER_NONNULL = YES;
				CLANG_CXX_LANGUAGE_STANDARD = "gnu++0x";
				CLANG_CXX_LIBRARY = "libc++";
				CLANG_ENABLE_MODULES = YES;
				CLANG_ENABLE_OBJC_ARC = YES;
				CLANG_WARN_BOOL_CONVERSION = YES;
				CLANG_WARN_CONSTANT_CONVERSION = YES;
				CLANG_WARN_DIRECT_OBJC_ISA_USAGE = YES_ERROR;
				CLANG_WARN_DOCUMENTATION_COMMENTS = YES;
				CLANG_WARN_EMPTY_BODY = YES;
				CLANG_WARN_ENUM_CONVERSION = YES;
				CLANG_WARN_INFINITE_RECURSION = YES;
				CLANG_WARN_INT_CONVERSION = YES;
				CLANG_WARN_OBJC_ROOT_CLASS = YES_ERROR;
				CLANG_WARN_SUSPICIOUS_MOVES = YES;
				CLANG_WARN_UNREACHABLE_CODE = YES;
				CLANG_WARN__DUPLICATE_METHOD_MATCH = YES;
				"CODE_SIGN_IDENTITY[sdk=iphoneos*]" = "iPhone Developer";
				COPY_PHASE_STRIP = NO;
				DEBUG_INFORMATION_FORMAT = "dwarf-with-dsym";
				ENABLE_NS_ASSERTIONS = NO;
				ENABLE_STRICT_OBJC_MSGSEND = YES;
				GCC_C_LANGUAGE_STANDARD = gnu99;
				GCC_NO_COMMON_BLOCKS = YES;
				GCC_WARN_64_TO_32_BIT_CONVERSION = YES;
				GCC_WARN_ABOUT_RETURN_TYPE = YES_ERROR;
				GCC_WARN_UNDECLARED_SELECTOR = YES;
				GCC_WARN_UNINITIALIZED_AUTOS = YES_AGGRESSIVE;
				GCC_WARN_UNUSED_FUNCTION = YES;
				GCC_WARN_UNUSED_VARIABLE = YES;
				IPHONEOS_DEPLOYMENT_TARGET = 10.0;
				MTL_ENABLE_DEBUG_INFO = NO;
				SDKROOT = iphoneos;
				SWIFT_OPTIMIZATION_LEVEL = "-Owholemodule";
				VALIDATE_PRODUCT = YES;
			};
			name = Release;
		};
		2FA169021D8B956D009BF609 /* Debug */ = {
			isa = XCBuildConfiguration;
			buildSettings = {
				ASSETCATALOG_COMPILER_APPICON_NAME = AppIcon;
				DEVELOPMENT_TEAM = SX585CK9M9;
				INFOPLIST_FILE = Cadet/Info.plist;
				LD_RUNPATH_SEARCH_PATHS = "$(inherited) @executable_path/Frameworks";
				PRODUCT_BUNDLE_IDENTIFIER = com.dnthome.Cadet;
				PRODUCT_NAME = "$(TARGET_NAME)";
				SWIFT_VERSION = 3.0;
			};
			name = Debug;
		};
		2FA169031D8B956D009BF609 /* Release */ = {
			isa = XCBuildConfiguration;
			buildSettings = {
				ASSETCATALOG_COMPILER_APPICON_NAME = AppIcon;
				DEVELOPMENT_TEAM = SX585CK9M9;
				INFOPLIST_FILE = Cadet/Info.plist;
				LD_RUNPATH_SEARCH_PATHS = "$(inherited) @executable_path/Frameworks";
				PRODUCT_BUNDLE_IDENTIFIER = com.dnthome.Cadet;
				PRODUCT_NAME = "$(TARGET_NAME)";
				SWIFT_VERSION = 3.0;
			};
			name = Release;
		};
/* End XCBuildConfiguration section */

/* Begin XCConfigurationList section */
		2FA168EA1D8B956D009BF609 /* Build configuration list for PBXProject "Cadet" */ = {
			isa = XCConfigurationList;
			buildConfigurations = (
				2FA168FF1D8B956D009BF609 /* Debug */,
				2FA169001D8B956D009BF609 /* Release */,
			);
			defaultConfigurationIsVisible = 0;
			defaultConfigurationName = Release;
		};
		2FA169011D8B956D009BF609 /* Build configuration list for PBXNativeTarget "Cadet" */ = {
			isa = XCConfigurationList;
			buildConfigurations = (
				2FA169021D8B956D009BF609 /* Debug */,
				2FA169031D8B956D009BF609 /* Release */,
			);
			defaultConfigurationIsVisible = 0;
			defaultConfigurationName = Release;
		};
/* End XCConfigurationList section */
	};
	rootObject = 2FA168E71D8B956D009BF609 /* Project object */;
}
